
Microsoft Visual Studio Solution File, Format Version 12.00
# Visual Studio Version 17
VisualStudioVersion = 17.4.33205.214
MinimumVisualStudioVersion = 10.0.40219.1
Project("{FAE04EC0-301F-11D3-BF4B-00C04F79EFBC}") = "PromoItServer.DAL", "PromoItServer.DAL\PromoItServer.DAL.csproj", "{6B75E1C2-A105-41A1-9268-A7921491680F}"
EndProject
Project("{FAE04EC0-301F-11D3-BF4B-00C04F79EFBC}") = "PromoItServer.DataSql", "PromoItServer.DataSql\PromoItServer.DataSql.csproj", "{BF6CE764-F667-411C-BFF0-77FADFB80E7C}"
EndProject
Project("{FAE04EC0-301F-11D3-BF4B-00C04F79EFBC}") = "PromoItServer.model", "PromoItServer.model\PromoItServer.model.csproj", "{9BF76CE0-0663-4FDC-824E-56D51B732DFE}"
EndProject
Project("{FAE04EC0-301F-11D3-BF4B-00C04F79EFBC}") = "PromoItServer.entities", "PromoItServer.entities\PromoItServer.entities.csproj", "{B41347E1-F5FF-414A-AA08-CA7A89127523}"
EndProject
Project("{9A19103F-16F7-4668-BE54-9A1E7A4F7556}") = "PromoItServer.MicroService", "PromoItServer.MicroServies\PromoItServer.MicroService.csproj", "{C94BE766-B0C7-4205-9C9F-D1CAC461994D}"
EndProject
Global
	GlobalSection(SolutionConfigurationPlatforms) = preSolution
		Debug|Any CPU = Debug|Any CPU
		Release|Any CPU = Release|Any CPU
	EndGlobalSection
	GlobalSection(ProjectConfigurationPlatforms) = postSolution
		{6B75E1C2-A105-41A1-9268-A7921491680F}.Debug|Any CPU.ActiveCfg = Debug|Any CPU
		{6B75E1C2-A105-41A1-9268-A7921491680F}.Debug|Any CPU.Build.0 = Debug|Any CPU
		{6B75E1C2-A105-41A1-9268-A7921491680F}.Release|Any CPU.ActiveCfg = Release|Any CPU
		{6B75E1C2-A105-41A1-9268-A7921491680F}.Release|Any CPU.Build.0 = Release|Any CPU
		{BF6CE764-F667-411C-BFF0-77FADFB80E7C}.Debug|Any CPU.ActiveCfg = Debug|Any CPU
		{BF6CE764-F667-411C-BFF0-77FADFB80E7C}.Debug|Any CPU.Build.0 = Debug|Any CPU
		{BF6CE764-F667-411C-BFF0-77FADFB80E7C}.Release|Any CPU.ActiveCfg = Release|Any CPU
		{BF6CE764-F667-411C-BFF0-77FADFB80E7C}.Release|Any CPU.Build.0 = Release|Any CPU
		{9BF76CE0-0663-4FDC-824E-56D51B732DFE}.Debug|Any CPU.ActiveCfg = Debug|Any CPU
		{9BF76CE0-0663-4FDC-824E-56D51B732DFE}.Debug|Any CPU.Build.0 = Debug|Any CPU
		{9BF76CE0-0663-4FDC-824E-56D51B732DFE}.Release|Any CPU.ActiveCfg = Release|Any CPU
		{9BF76CE0-0663-4FDC-824E-56D51B732DFE}.Release|Any CPU.Build.0 = Release|Any CPU
		{B41347E1-F5FF-414A-AA08-CA7A89127523}.Debug|Any CPU.ActiveCfg = Debug|Any CPU
		{B41347E1-F5FF-414A-AA08-CA7A89127523}.Debug|Any CPU.Build.0 = Debug|Any CPU
		{B41347E1-F5FF-414A-AA08-CA7A89127523}.Release|Any CPU.ActiveCfg = Release|Any CPU
		{B41347E1-F5FF-414A-AA08-CA7A89127523}.Release|Any CPU.Build.0 = Release|Any CPU
		{C94BE766-B0C7-4205-9C9F-D1CAC461994D}.Debug|Any CPU.ActiveCfg = Debug|Any CPU
		{C94BE766-B0C7-4205-9C9F-D1CAC461994D}.Debug|Any CPU.Build.0 = Debug|Any CPU
		{C94BE766-B0C7-4205-9C9F-D1CAC461994D}.Release|Any CPU.ActiveCfg = Release|Any CPU
		{C94BE766-B0C7-4205-9C9F-D1CAC461994D}.Release|Any CPU.Build.0 = Release|Any CPU
	EndGlobalSection
	GlobalSection(SolutionProperties) = preSolution
		HideSolutionNode = FALSE
	EndGlobalSection
	GlobalSection(ExtensibilityGlobals) = postSolution
		SolutionGuid = {BAFCA10D-AB2E-4B78-83DB-8DC2A5B1DF63}
	EndGlobalSection
EndGlobal
